
Microsoft Visual Studio Solution File, Format Version 12.00
# Visual Studio Version 17
VisualStudioVersion = 17.2.32526.322
MinimumVisualStudioVersion = 10.0.40219.1
Project("{FAE04EC0-301F-11D3-BF4B-00C04F79EFBC}") = "InterTask_Three", "InterTask_Three.csproj", "{A8D331D7-16ED-45DD-9B26-A1392456AE52}"
EndProject
Project("{FAE04EC0-301F-11D3-BF4B-00C04F79EFBC}") = "UserDetails", "..\UserDetails\UserDetails.csproj", "{1CF84E3B-C102-4162-91CB-95F68AF9D9A0}"
EndProject
Project("{FAE04EC0-301F-11D3-BF4B-00C04F79EFBC}") = "UserBs", "..\UserBs\UserBs.csproj", "{A7444545-C310-47FA-A8BC-08EBC95128CF}"
EndProject
Global
	GlobalSection(SolutionConfigurationPlatforms) = preSolution
		Debug|Any CPU = Debug|Any CPU
		Release|Any CPU = Release|Any CPU
	EndGlobalSection
	GlobalSection(ProjectConfigurationPlatforms) = postSolution
		{A8D331D7-16ED-45DD-9B26-A1392456AE52}.Debug|Any CPU.ActiveCfg = Debug|Any CPU
		{A8D331D7-16ED-45DD-9B26-A1392456AE52}.Debug|Any CPU.Build.0 = Debug|Any CPU
		{A8D331D7-16ED-45DD-9B26-A1392456AE52}.Release|Any CPU.ActiveCfg = Release|Any CPU
		{A8D331D7-16ED-45DD-9B26-A1392456AE52}.Release|Any CPU.Build.0 = Release|Any CPU
		{1CF84E3B-C102-4162-91CB-95F68AF9D9A0}.Debug|Any CPU.ActiveCfg = Debug|Any CPU
		{1CF84E3B-C102-4162-91CB-95F68AF9D9A0}.Debug|Any CPU.Build.0 = Debug|Any CPU
		{1CF84E3B-C102-4162-91CB-95F68AF9D9A0}.Release|Any CPU.ActiveCfg = Release|Any CPU
		{1CF84E3B-C102-4162-91CB-95F68AF9D9A0}.Release|Any CPU.Build.0 = Release|Any CPU
		{A7444545-C310-47FA-A8BC-08EBC95128CF}.Debug|Any CPU.ActiveCfg = Debug|Any CPU
		{A7444545-C310-47FA-A8BC-08EBC95128CF}.Debug|Any CPU.Build.0 = Debug|Any CPU
		{A7444545-C310-47FA-A8BC-08EBC95128CF}.Release|Any CPU.ActiveCfg = Release|Any CPU
		{A7444545-C310-47FA-A8BC-08EBC95128CF}.Release|Any CPU.Build.0 = Release|Any CPU
	EndGlobalSection
	GlobalSection(SolutionProperties) = preSolution
		HideSolutionNode = FALSE
	EndGlobalSection
	GlobalSection(ExtensibilityGlobals) = postSolution
		SolutionGuid = {21642D3A-6C89-427F-9A15-11E5D0D05003}
	EndGlobalSection
EndGlobal
